
Microsoft Visual Studio Solution File, Format Version 12.00
# Visual Studio Version 17
VisualStudioVersion = 17.3.32922.545
MinimumVisualStudioVersion = 10.0.40219.1
Project("{FAE04EC0-301F-11D3-BF4B-00C04F79EFBC}") = "Formula1_EF_CF", "Formula1_EF_CF\Formula1_EF_CF.csproj", "{DEACEC5B-7269-4C49-BAE2-B058C7B149D5}"
EndProject
Global
	GlobalSection(SolutionConfigurationPlatforms) = preSolution
		Debug|Any CPU = Debug|Any CPU
		Release|Any CPU = Release|Any CPU
	EndGlobalSection
	GlobalSection(ProjectConfigurationPlatforms) = postSolution
		{DEACEC5B-7269-4C49-BAE2-B058C7B149D5}.Debug|Any CPU.ActiveCfg = Debug|Any CPU
		{DEACEC5B-7269-4C49-BAE2-B058C7B149D5}.Debug|Any CPU.Build.0 = Debug|Any CPU
		{DEACEC5B-7269-4C49-BAE2-B058C7B149D5}.Release|Any CPU.ActiveCfg = Release|Any CPU
		{DEACEC5B-7269-4C49-BAE2-B058C7B149D5}.Release|Any CPU.Build.0 = Release|Any CPU
	EndGlobalSection
	GlobalSection(SolutionProperties) = preSolution
		HideSolutionNode = FALSE
	EndGlobalSection
	GlobalSection(ExtensibilityGlobals) = postSolution
		SolutionGuid = {EFE46686-BE89-453A-A375-96E108CB3C6F}
	EndGlobalSection
EndGlobal
